// !$*UTF8*$!
{
	archiveVersion = 1;
	classes = {
	};
	objectVersion = 56;
	objects = {

/* Begin PBXBuildFile section */
		7D01C70F2A3509490044B983 /* FruitDetailView.swift in Sources */ = {isa = PBXBuildFile; fileRef = 7D01C70E2A3509490044B983 /* FruitDetailView.swift */; };
		7D01C7112A350CBE0044B983 /* FruitHeaderView.swift in Sources */ = {isa = PBXBuildFile; fileRef = 7D01C7102A350CBE0044B983 /* FruitHeaderView.swift */; };
		7D01C7132A350FB90044B983 /* SourceLinkView.swift in Sources */ = {isa = PBXBuildFile; fileRef = 7D01C7122A350FB90044B983 /* SourceLinkView.swift */; };
		7D01C7152A3512000044B983 /* FruitNutritionView.swift in Sources */ = {isa = PBXBuildFile; fileRef = 7D01C7142A3512000044B983 /* FruitNutritionView.swift */; };
		7D01C7172A35162D0044B983 /* SettingsView.swift in Sources */ = {isa = PBXBuildFile; fileRef = 7D01C7162A35162D0044B983 /* SettingsView.swift */; };
		7D01C7192A3521B80044B983 /* LabelView.swift in Sources */ = {isa = PBXBuildFile; fileRef = 7D01C7182A3521B80044B983 /* LabelView.swift */; };
		7D01C71B2A35242C0044B983 /* SettingsRowView.swift in Sources */ = {isa = PBXBuildFile; fileRef = 7D01C71A2A35242C0044B983 /* SettingsRowView.swift */; };
		7D56DFFF2A35029F008E5A79 /* FruitRowView.swift in Sources */ = {isa = PBXBuildFile; fileRef = 7D56DFFE2A35029F008E5A79 /* FruitRowView.swift */; };
		7DDB19D02A34801300AF3341 /* FRUITS_SwiftUIApp.swift in Sources */ = {isa = PBXBuildFile; fileRef = 7DDB19CF2A34801300AF3341 /* FRUITS_SwiftUIApp.swift */; };
		7DDB19D22A34801300AF3341 /* ContentView.swift in Sources */ = {isa = PBXBuildFile; fileRef = 7DDB19D12A34801300AF3341 /* ContentView.swift */; };
		7DDB19D42A34801500AF3341 /* Assets.xcassets in Resources */ = {isa = PBXBuildFile; fileRef = 7DDB19D32A34801500AF3341 /* Assets.xcassets */; };
		7DDB19D72A34801500AF3341 /* Preview Assets.xcassets in Resources */ = {isa = PBXBuildFile; fileRef = 7DDB19D62A34801500AF3341 /* Preview Assets.xcassets */; };
		7DDB19E02A3490D100AF3341 /* FruitCardView.swift in Sources */ = {isa = PBXBuildFile; fileRef = 7DDB19DF2A3490D100AF3341 /* FruitCardView.swift */; };
		7DDB19E22A349B6C00AF3341 /* StartButtonView.swift in Sources */ = {isa = PBXBuildFile; fileRef = 7DDB19E12A349B6C00AF3341 /* StartButtonView.swift */; };
		7DDB19E42A349FCB00AF3341 /* OnboardingView.swift in Sources */ = {isa = PBXBuildFile; fileRef = 7DDB19E32A349FCB00AF3341 /* OnboardingView.swift */; };
		7DDB19E72A34A64100AF3341 /* FruitModel.swift in Sources */ = {isa = PBXBuildFile; fileRef = 7DDB19E62A34A64100AF3341 /* FruitModel.swift */; };
		7DDB19EA2A34A6B900AF3341 /* FruitData.swift in Sources */ = {isa = PBXBuildFile; fileRef = 7DDB19E92A34A6B900AF3341 /* FruitData.swift */; };
/* End PBXBuildFile section */

/* Begin PBXFileReference section */
		7D01C70E2A3509490044B983 /* FruitDetailView.swift */ = {isa = PBXFileReference; lastKnownFileType = sourcecode.swift; path = FruitDetailView.swift; sourceTree = "<group>"; };
		7D01C7102A350CBE0044B983 /* FruitHeaderView.swift */ = {isa = PBXFileReference; lastKnownFileType = sourcecode.swift; path = FruitHeaderView.swift; sourceTree = "<group>"; };
		7D01C7122A350FB90044B983 /* SourceLinkView.swift */ = {isa = PBXFileReference; lastKnownFileType = sourcecode.swift; path = SourceLinkView.swift; sourceTree = "<group>"; };
		7D01C7142A3512000044B983 /* FruitNutritionView.swift */ = {isa = PBXFileReference; lastKnownFileType = sourcecode.swift; path = FruitNutritionView.swift; sourceTree = "<group>"; };
		7D01C7162A35162D0044B983 /* SettingsView.swift */ = {isa = PBXFileReference; lastKnownFileType = sourcecode.swift; path = SettingsView.swift; sourceTree = "<group>"; };
		7D01C7182A3521B80044B983 /* LabelView.swift */ = {isa = PBXFileReference; lastKnownFileType = sourcecode.swift; path = LabelView.swift; sourceTree = "<group>"; };
		7D01C71A2A35242C0044B983 /* SettingsRowView.swift */ = {isa = PBXFileReference; lastKnownFileType = sourcecode.swift; path = SettingsRowView.swift; sourceTree = "<group>"; };
		7D56DFFE2A35029F008E5A79 /* FruitRowView.swift */ = {isa = PBXFileReference; lastKnownFileType = sourcecode.swift; path = FruitRowView.swift; sourceTree = "<group>"; };
		7DDB19CC2A34801300AF3341 /* FRUITS-SwiftUI.app */ = {isa = PBXFileReference; explicitFileType = wrapper.application; includeInIndex = 0; path = "FRUITS-SwiftUI.app"; sourceTree = BUILT_PRODUCTS_DIR; };
		7DDB19CF2A34801300AF3341 /* FRUITS_SwiftUIApp.swift */ = {isa = PBXFileReference; lastKnownFileType = sourcecode.swift; path = FRUITS_SwiftUIApp.swift; sourceTree = "<group>"; };
		7DDB19D12A34801300AF3341 /* ContentView.swift */ = {isa = PBXFileReference; lastKnownFileType = sourcecode.swift; path = ContentView.swift; sourceTree = "<group>"; };
		7DDB19D32A34801500AF3341 /* Assets.xcassets */ = {isa = PBXFileReference; lastKnownFileType = folder.assetcatalog; path = Assets.xcassets; sourceTree = "<group>"; };
		7DDB19D62A34801500AF3341 /* Preview Assets.xcassets */ = {isa = PBXFileReference; lastKnownFileType = folder.assetcatalog; path = "Preview Assets.xcassets"; sourceTree = "<group>"; };
		7DDB19DF2A3490D100AF3341 /* FruitCardView.swift */ = {isa = PBXFileReference; lastKnownFileType = sourcecode.swift; path = FruitCardView.swift; sourceTree = "<group>"; };
		7DDB19E12A349B6C00AF3341 /* StartButtonView.swift */ = {isa = PBXFileReference; lastKnownFileType = sourcecode.swift; path = StartButtonView.swift; sourceTree = "<group>"; };
		7DDB19E32A349FCB00AF3341 /* OnboardingView.swift */ = {isa = PBXFileReference; lastKnownFileType = sourcecode.swift; path = OnboardingView.swift; sourceTree = "<group>"; };
		7DDB19E62A34A64100AF3341 /* FruitModel.swift */ = {isa = PBXFileReference; lastKnownFileType = sourcecode.swift; path = FruitModel.swift; sourceTree = "<group>"; };
		7DDB19E92A34A6B900AF3341 /* FruitData.swift */ = {isa = PBXFileReference; lastKnownFileType = sourcecode.swift; path = FruitData.swift; sourceTree = "<group>"; };
/* End PBXFileReference section */

/* Begin PBXFrameworksBuildPhase section */
		7DDB19C92A34801300AF3341 /* Frameworks */ = {
			isa = PBXFrameworksBuildPhase;
			buildActionMask = 2147483647;
			files = (
			);
			runOnlyForDeploymentPostprocessing = 0;
		};
/* End PBXFrameworksBuildPhase section */

/* Begin PBXGroup section */
		7DDB19C32A34801300AF3341 = {
			isa = PBXGroup;
			children = (
				7DDB19CE2A34801300AF3341 /* FRUITS-SwiftUI */,
				7DDB19CD2A34801300AF3341 /* Products */,
			);
			sourceTree = "<group>";
		};
		7DDB19CD2A34801300AF3341 /* Products */ = {
			isa = PBXGroup;
			children = (
				7DDB19CC2A34801300AF3341 /* FRUITS-SwiftUI.app */,
			);
			name = Products;
			sourceTree = "<group>";
		};
		7DDB19CE2A34801300AF3341 /* FRUITS-SwiftUI */ = {
			isa = PBXGroup;
			children = (
				7DDB19E82A34A6AA00AF3341 /* Data */,
				7DDB19E52A34A63000AF3341 /* Model */,
				7DDB19DE2A3490A300AF3341 /* VIew */,
				7DDB19DD2A34909A00AF3341 /* App */,
				7DDB19D32A34801500AF3341 /* Assets.xcassets */,
				7DDB19D52A34801500AF3341 /* Preview Content */,
			);
			path = "FRUITS-SwiftUI";
			sourceTree = "<group>";
		};
		7DDB19D52A34801500AF3341 /* Preview Content */ = {
			isa = PBXGroup;
			children = (
				7DDB19D62A34801500AF3341 /* Preview Assets.xcassets */,
			);
			path = "Preview Content";
			sourceTree = "<group>";
		};
		7DDB19DD2A34909A00AF3341 /* App */ = {
			isa = PBXGroup;
			children = (
				7DDB19CF2A34801300AF3341 /* FRUITS_SwiftUIApp.swift */,
				7DDB19D12A34801300AF3341 /* ContentView.swift */,
				7DDB19E32A349FCB00AF3341 /* OnboardingView.swift */,
				7D01C70E2A3509490044B983 /* FruitDetailView.swift */,
				7D01C7162A35162D0044B983 /* SettingsView.swift */,
			);
			path = App;
			sourceTree = "<group>";
		};
		7DDB19DE2A3490A300AF3341 /* VIew */ = {
			isa = PBXGroup;
			children = (
				7DDB19DF2A3490D100AF3341 /* FruitCardView.swift */,
				7DDB19E12A349B6C00AF3341 /* StartButtonView.swift */,
				7D56DFFE2A35029F008E5A79 /* FruitRowView.swift */,
				7D01C7102A350CBE0044B983 /* FruitHeaderView.swift */,
				7D01C7122A350FB90044B983 /* SourceLinkView.swift */,
				7D01C7142A3512000044B983 /* FruitNutritionView.swift */,
				7D01C7182A3521B80044B983 /* LabelView.swift */,
				7D01C71A2A35242C0044B983 /* SettingsRowView.swift */,
			);
			path = VIew;
			sourceTree = "<group>";
		};
		7DDB19E52A34A63000AF3341 /* Model */ = {
			isa = PBXGroup;
			children = (
				7DDB19E62A34A64100AF3341 /* FruitModel.swift */,
			);
			path = Model;
			sourceTree = "<group>";
		};
		7DDB19E82A34A6AA00AF3341 /* Data */ = {
			isa = PBXGroup;
			children = (
				7DDB19E92A34A6B900AF3341 /* FruitData.swift */,
			);
			path = Data;
			sourceTree = "<group>";
		};
/* End PBXGroup section */

/* Begin PBXNativeTarget section */
		7DDB19CB2A34801300AF3341 /* FRUITS-SwiftUI */ = {
			isa = PBXNativeTarget;
			buildConfigurationList = 7DDB19DA2A34801500AF3341 /* Build configuration list for PBXNativeTarget "FRUITS-SwiftUI" */;
			buildPhases = (
				7DDB19C82A34801300AF3341 /* Sources */,
				7DDB19C92A34801300AF3341 /* Frameworks */,
				7DDB19CA2A34801300AF3341 /* Resources */,
			);
			buildRules = (
			);
			dependencies = (
			);
			name = "FRUITS-SwiftUI";
			productName = "FRUITS-SwiftUI";
			productReference = 7DDB19CC2A34801300AF3341 /* FRUITS-SwiftUI.app */;
			productType = "com.apple.product-type.application";
		};
/* End PBXNativeTarget section */

/* Begin PBXProject section */
		7DDB19C42A34801300AF3341 /* Project object */ = {
			isa = PBXProject;
			attributes = {
				BuildIndependentTargetsInParallel = 1;
				LastSwiftUpdateCheck = 1430;
				LastUpgradeCheck = 1430;
				TargetAttributes = {
					7DDB19CB2A34801300AF3341 = {
						CreatedOnToolsVersion = 14.3.1;
					};
				};
			};
			buildConfigurationList = 7DDB19C72A34801300AF3341 /* Build configuration list for PBXProject "FRUITS-SwiftUI" */;
			compatibilityVersion = "Xcode 14.0";
			developmentRegion = en;
			hasScannedForEncodings = 0;
			knownRegions = (
				en,
				Base,
			);
			mainGroup = 7DDB19C32A34801300AF3341;
			productRefGroup = 7DDB19CD2A34801300AF3341 /* Products */;
			projectDirPath = "";
			projectRoot = "";
			targets = (
				7DDB19CB2A34801300AF3341 /* FRUITS-SwiftUI */,
			);
		};
/* End PBXProject section */

/* Begin PBXResourcesBuildPhase section */
		7DDB19CA2A34801300AF3341 /* Resources */ = {
			isa = PBXResourcesBuildPhase;
			buildActionMask = 2147483647;
			files = (
				7DDB19D72A34801500AF3341 /* Preview Assets.xcassets in Resources */,
				7DDB19D42A34801500AF3341 /* Assets.xcassets in Resources */,
			);
			runOnlyForDeploymentPostprocessing = 0;
		};
/* End PBXResourcesBuildPhase section */

/* Begin PBXSourcesBuildPhase section */
		7DDB19C82A34801300AF3341 /* Sources */ = {
			isa = PBXSourcesBuildPhase;
			buildActionMask = 2147483647;
			files = (
				7D01C7152A3512000044B983 /* FruitNutritionView.swift in Sources */,
				7DDB19EA2A34A6B900AF3341 /* FruitData.swift in Sources */,
				7D01C71B2A35242C0044B983 /* SettingsRowView.swift in Sources */,
				7D01C7132A350FB90044B983 /* SourceLinkView.swift in Sources */,
				7DDB19E02A3490D100AF3341 /* FruitCardView.swift in Sources */,
				7D56DFFF2A35029F008E5A79 /* FruitRowView.swift in Sources */,
				7DDB19E22A349B6C00AF3341 /* StartButtonView.swift in Sources */,
				7D01C70F2A3509490044B983 /* FruitDetailView.swift in Sources */,
				7DDB19D22A34801300AF3341 /* ContentView.swift in Sources */,
				7D01C7112A350CBE0044B983 /* FruitHeaderView.swift in Sources */,
				7D01C7192A3521B80044B983 /* LabelView.swift in Sources */,
				7DDB19E42A349FCB00AF3341 /* OnboardingView.swift in Sources */,
				7DDB19E72A34A64100AF3341 /* FruitModel.swift in Sources */,
				7DDB19D02A34801300AF3341 /* FRUITS_SwiftUIApp.swift in Sources */,
				7D01C7172A35162D0044B983 /* SettingsView.swift in Sources */,
			);
			runOnlyForDeploymentPostprocessing = 0;
		};
/* End PBXSourcesBuildPhase section */

/* Begin XCBuildConfiguration section */
		7DDB19D82A34801500AF3341 /* Debug */ = {
			isa = XCBuildConfiguration;
			buildSettings = {
				ALWAYS_SEARCH_USER_PATHS = NO;
				CLANG_ANALYZER_NONNULL = YES;
				CLANG_ANALYZER_NUMBER_OBJECT_CONVERSION = YES_AGGRESSIVE;
				CLANG_CXX_LANGUAGE_STANDARD = "gnu++20";
				CLANG_ENABLE_MODULES = YES;
				CLANG_ENABLE_OBJC_ARC = YES;
				CLANG_ENABLE_OBJC_WEAK = YES;
				CLANG_WARN_BLOCK_CAPTURE_AUTORELEASING = YES;
				CLANG_WARN_BOOL_CONVERSION = YES;
				CLANG_WARN_COMMA = YES;
				CLANG_WARN_CONSTANT_CONVERSION = YES;
				CLANG_WARN_DEPRECATED_OBJC_IMPLEMENTATIONS = YES;
				CLANG_WARN_DIRECT_OBJC_ISA_USAGE = YES_ERROR;
				CLANG_WARN_DOCUMENTATION_COMMENTS = YES;
				CLANG_WARN_EMPTY_BODY = YES;
				CLANG_WARN_ENUM_CONVERSION = YES;
				CLANG_WARN_INFINITE_RECURSION = YES;
				CLANG_WARN_INT_CONVERSION = YES;
				CLANG_WARN_NON_LITERAL_NULL_CONVERSION = YES;
				CLANG_WARN_OBJC_IMPLICIT_RETAIN_SELF = YES;
				CLANG_WARN_OBJC_LITERAL_CONVERSION = YES;
				CLANG_WARN_OBJC_ROOT_CLASS = YES_ERROR;
				CLANG_WARN_QUOTED_INCLUDE_IN_FRAMEWORK_HEADER = YES;
				CLANG_WARN_RANGE_LOOP_ANALYSIS = YES;
				CLANG_WARN_STRICT_PROTOTYPES = YES;
				CLANG_WARN_SUSPICIOUS_MOVE = YES;
				CLANG_WARN_UNGUARDED_AVAILABILITY = YES_AGGRESSIVE;
				CLANG_WARN_UNREACHABLE_CODE = YES;
				CLANG_WARN__DUPLICATE_METHOD_MATCH = YES;
				COPY_PHASE_STRIP = NO;
				DEBUG_INFORMATION_FORMAT = dwarf;
				ENABLE_STRICT_OBJC_MSGSEND = YES;
				ENABLE_TESTABILITY = YES;
				GCC_C_LANGUAGE_STANDARD = gnu11;
				GCC_DYNAMIC_NO_PIC = NO;
				GCC_NO_COMMON_BLOCKS = YES;
				GCC_OPTIMIZATION_LEVEL = 0;
				GCC_PREPROCESSOR_DEFINITIONS = (
					"DEBUG=1",
					"$(inherited)",
				);
				GCC_WARN_64_TO_32_BIT_CONVERSION = YES;
				GCC_WARN_ABOUT_RETURN_TYPE = YES_ERROR;
				GCC_WARN_UNDECLARED_SELECTOR = YES;
				GCC_WARN_UNINITIALIZED_AUTOS = YES_AGGRESSIVE;
				GCC_WARN_UNUSED_FUNCTION = YES;
				GCC_WARN_UNUSED_VARIABLE = YES;
				IPHONEOS_DEPLOYMENT_TARGET = 16.4;
				MTL_ENABLE_DEBUG_INFO = INCLUDE_SOURCE;
				MTL_FAST_MATH = YES;
				ONLY_ACTIVE_ARCH = YES;
				SDKROOT = iphoneos;
				SWIFT_ACTIVE_COMPILATION_CONDITIONS = DEBUG;
				SWIFT_OPTIMIZATION_LEVEL = "-Onone";
			};
			name = Debug;
		};
		7DDB19D92A34801500AF3341 /* Release */ = {
			isa = XCBuildConfiguration;
			buildSettings = {
				ALWAYS_SEARCH_USER_PATHS = NO;
				CLANG_ANALYZER_NONNULL = YES;
				CLANG_ANALYZER_NUMBER_OBJECT_CONVERSION = YES_AGGRESSIVE;
				CLANG_CXX_LANGUAGE_STANDARD = "gnu++20";
				CLANG_ENABLE_MODULES = YES;
				CLANG_ENABLE_OBJC_ARC = YES;
				CLANG_ENABLE_OBJC_WEAK = YES;
				CLANG_WARN_BLOCK_CAPTURE_AUTORELEASING = YES;
				CLANG_WARN_BOOL_CONVERSION = YES;
				CLANG_WARN_COMMA = YES;
				CLANG_WARN_CONSTANT_CONVERSION = YES;
				CLANG_WARN_DEPRECATED_OBJC_IMPLEMENTATIONS = YES;
				CLANG_WARN_DIRECT_OBJC_ISA_USAGE = YES_ERROR;
				CLANG_WARN_DOCUMENTATION_COMMENTS = YES;
				CLANG_WARN_EMPTY_BODY = YES;
				CLANG_WARN_ENUM_CONVERSION = YES;
				CLANG_WARN_INFINITE_RECURSION = YES;
				CLANG_WARN_INT_CONVERSION = YES;
				CLANG_WARN_NON_LITERAL_NULL_CONVERSION = YES;
				CLANG_WARN_OBJC_IMPLICIT_RETAIN_SELF = YES;
				CLANG_WARN_OBJC_LITERAL_CONVERSION = YES;
				CLANG_WARN_OBJC_ROOT_CLASS = YES_ERROR;
				CLANG_WARN_QUOTED_INCLUDE_IN_FRAMEWORK_HEADER = YES;
				CLANG_WARN_RANGE_LOOP_ANALYSIS = YES;
				CLANG_WARN_STRICT_PROTOTYPES = YES;
				CLANG_WARN_SUSPICIOUS_MOVE = YES;
				CLANG_WARN_UNGUARDED_AVAILABILITY = YES_AGGRESSIVE;
				CLANG_WARN_UNREACHABLE_CODE = YES;
				CLANG_WARN__DUPLICATE_METHOD_MATCH = YES;
				COPY_PHASE_STRIP = NO;
				DEBUG_INFORMATION_FORMAT = "dwarf-with-dsym";
				ENABLE_NS_ASSERTIONS = NO;
				ENABLE_STRICT_OBJC_MSGSEND = YES;
				GCC_C_LANGUAGE_STANDARD = gnu11;
				GCC_NO_COMMON_BLOCKS = YES;
				GCC_WARN_64_TO_32_BIT_CONVERSION = YES;
				GCC_WARN_ABOUT_RETURN_TYPE = YES_ERROR;
				GCC_WARN_UNDECLARED_SELECTOR = YES;
				GCC_WARN_UNINITIALIZED_AUTOS = YES_AGGRESSIVE;
				GCC_WARN_UNUSED_FUNCTION = YES;
				GCC_WARN_UNUSED_VARIABLE = YES;
				IPHONEOS_DEPLOYMENT_TARGET = 16.4;
				MTL_ENABLE_DEBUG_INFO = NO;
				MTL_FAST_MATH = YES;
				SDKROOT = iphoneos;
				SWIFT_COMPILATION_MODE = wholemodule;
				SWIFT_OPTIMIZATION_LEVEL = "-O";
				VALIDATE_PRODUCT = YES;
			};
			name = Release;
		};
		7DDB19DB2A34801500AF3341 /* Debug */ = {
			isa = XCBuildConfiguration;
			buildSettings = {
				ASSETCATALOG_COMPILER_APPICON_NAME = AppIcon;
				ASSETCATALOG_COMPILER_GLOBAL_ACCENT_COLOR_NAME = AccentColor;
				CODE_SIGN_STYLE = Automatic;
				CURRENT_PROJECT_VERSION = 1;
				DEVELOPMENT_ASSET_PATHS = "\"FRUITS-SwiftUI/Preview Content\"";
				ENABLE_PREVIEWS = YES;
				GENERATE_INFOPLIST_FILE = YES;
				INFOPLIST_KEY_UIApplicationSceneManifest_Generation = YES;
				INFOPLIST_KEY_UIApplicationSupportsIndirectInputEvents = YES;
				INFOPLIST_KEY_UILaunchScreen_Generation = YES;
				INFOPLIST_KEY_UISupportedInterfaceOrientations_iPad = "UIInterfaceOrientationPortrait UIInterfaceOrientationPortraitUpsideDown UIInterfaceOrientationLandscapeLeft UIInterfaceOrientationLandscapeRight";
				INFOPLIST_KEY_UISupportedInterfaceOrientations_iPhone = UIInterfaceOrientationPortrait;
				LD_RUNPATH_SEARCH_PATHS = (
					"$(inherited)",
					"@executable_path/Frameworks",
				);
				MARKETING_VERSION = 1.0;
				PRODUCT_BUNDLE_IDENTIFIER = "com.shivang.FRUITS-SwiftUI";
				PRODUCT_NAME = "$(TARGET_NAME)";
				SWIFT_EMIT_LOC_STRINGS = YES;
				SWIFT_VERSION = 5.0;
				TARGETED_DEVICE_FAMILY = "1,2";
			};
			name = Debug;
		};
		7DDB19DC2A34801500AF3341 /* Release */ = {
			isa = XCBuildConfiguration;
			buildSettings = {
				ASSETCATALOG_COMPILER_APPICON_NAME = AppIcon;
				ASSETCATALOG_COMPILER_GLOBAL_ACCENT_COLOR_NAME = AccentColor;
				CODE_SIGN_STYLE = Automatic;
				CURRENT_PROJECT_VERSION = 1;
				DEVELOPMENT_ASSET_PATHS = "\"FRUITS-SwiftUI/Preview Content\"";
				ENABLE_PREVIEWS = YES;
				GENERATE_INFOPLIST_FILE = YES;
				INFOPLIST_KEY_UIApplicationSceneManifest_Generation = YES;
				INFOPLIST_KEY_UIApplicationSupportsIndirectInputEvents = YES;
				INFOPLIST_KEY_UILaunchScreen_Generation = YES;
				INFOPLIST_KEY_UISupportedInterfaceOrientations_iPad = "UIInterfaceOrientationPortrait UIInterfaceOrientationPortraitUpsideDown UIInterfaceOrientationLandscapeLeft UIInterfaceOrientationLandscapeRight";
				INFOPLIST_KEY_UISupportedInterfaceOrientations_iPhone = UIInterfaceOrientationPortrait;
				LD_RUNPATH_SEARCH_PATHS = (
					"$(inherited)",
					"@executable_path/Frameworks",
				);
				MARKETING_VERSION = 1.0;
				PRODUCT_BUNDLE_IDENTIFIER = "com.shivang.FRUITS-SwiftUI";
				PRODUCT_NAME = "$(TARGET_NAME)";
				SWIFT_EMIT_LOC_STRINGS = YES;
				SWIFT_VERSION = 5.0;
				TARGETED_DEVICE_FAMILY = "1,2";
			};
			name = Release;
		};
/* End XCBuildConfiguration section */

/* Begin XCConfigurationList section */
		7DDB19C72A34801300AF3341 /* Build configuration list for PBXProject "FRUITS-SwiftUI" */ = {
			isa = XCConfigurationList;
			buildConfigurations = (
				7DDB19D82A34801500AF3341 /* Debug */,
				7DDB19D92A34801500AF3341 /* Release */,
			);
			defaultConfigurationIsVisible = 0;
			defaultConfigurationName = Release;
		};
		7DDB19DA2A34801500AF3341 /* Build configuration list for PBXNativeTarget "FRUITS-SwiftUI" */ = {
			isa = XCConfigurationList;
			buildConfigurations = (
				7DDB19DB2A34801500AF3341 /* Debug */,
				7DDB19DC2A34801500AF3341 /* Release */,
			);
			defaultConfigurationIsVisible = 0;
			defaultConfigurationName = Release;
		};
/* End XCConfigurationList section */
	};
	rootObject = 7DDB19C42A34801300AF3341 /* Project object */;
}
